{
  "name": "salty",
  "version": "2.2.3",
  "dependencies": {
    "asn1": {
      "version": "0.1.11",
      "from": "asn1@0.1.11",
      "resolved": "https://registry.npmjs.org/asn1/-/asn1-0.1.11.tgz"
    },
    "asn1.js": {
      "version": "4.6.0",
      "from": "asn1.js@>=4.6.0 <5.0.0",
      "resolved": "https://registry.npmjs.org/asn1.js/-/asn1.js-4.6.0.tgz"
    },
    "balanced-match": {
      "version": "0.4.1",
      "from": "balanced-match@>=0.4.1 <0.5.0",
      "resolved": "https://registry.npmjs.org/balanced-match/-/balanced-match-0.4.1.tgz"
    },
    "base64-url": {
      "version": "1.2.2",
      "from": "base64-url@>=1.2.2 <2.0.0",
      "resolved": "https://registry.npmjs.org/base64-url/-/base64-url-1.2.2.tgz"
    },
    "block-stream": {
      "version": "0.0.7",
      "from": "git+https://github.com/carlos8f/block-stream.git",
      "resolved": "git+https://github.com/carlos8f/block-stream.git#5cc69ec472d30afbeac47bdc7fc01118d264c373"
    },
    "bn.js": {
      "version": "4.11.3",
      "from": "bn.js@>=4.11.3 <5.0.0",
      "resolved": "https://registry.npmjs.org/bn.js/-/bn.js-4.11.3.tgz"
    },
    "brace-expansion": {
      "version": "1.1.4",
      "from": "brace-expansion@>=1.0.0 <2.0.0",
      "resolved": "https://registry.npmjs.org/brace-expansion/-/brace-expansion-1.1.4.tgz"
    },
    "cbs": {
      "version": "0.1.1",
      "from": "cbs@>=0.1.1 <0.2.0",
      "resolved": "https://registry.npmjs.org/cbs/-/cbs-0.1.1.tgz"
    },
    "cli-prompt": {
      "version": "0.5.1",
      "from": "cli-prompt@>=0.5.1 <0.6.0",
      "resolved": "https://registry.npmjs.org/cli-prompt/-/cli-prompt-0.5.1.tgz"
    },
    "colors": {
      "version": "1.1.2",
      "from": "colors@>=1.1.2 <2.0.0",
      "resolved": "https://registry.npmjs.org/colors/-/colors-1.1.2.tgz"
    },
    "commander": {
      "version": "2.9.0",
      "from": "commander@>=2.9.0 <3.0.0",
      "resolved": "https://registry.npmjs.org/commander/-/commander-2.9.0.tgz"
    },
    "concat-map": {
      "version": "0.0.1",
      "from": "concat-map@0.0.1",
      "resolved": "https://registry.npmjs.org/concat-map/-/concat-map-0.0.1.tgz"
    },
    "ctype": {
      "version": "0.5.2",
      "from": "ctype@0.5.2",
      "resolved": "https://registry.npmjs.org/ctype/-/ctype-0.5.2.tgz"
    },
    "debug": {
      "version": "2.2.0",
      "from": "debug@2.2.0",
      "resolved": "https://registry.npmjs.org/debug/-/debug-2.2.0.tgz"
    },
    "diff": {
      "version": "1.4.0",
      "from": "diff@1.4.0",
      "resolved": "https://registry.npmjs.org/diff/-/diff-1.4.0.tgz"
    },
    "email-addresses": {
      "version": "2.0.2",
      "from": "email-addresses@>=2.0.2 <3.0.0",
      "resolved": "https://registry.npmjs.org/email-addresses/-/email-addresses-2.0.2.tgz"
    },
    "escape-string-regexp": {
      "version": "1.0.2",
      "from": "escape-string-regexp@1.0.2",
      "resolved": "https://registry.npmjs.org/escape-string-regexp/-/escape-string-regexp-1.0.2.tgz"
    },
    "from": {
      "version": "0.1.3",
      "from": "from@>=0.1.3 <0.2.0",
      "resolved": "https://registry.npmjs.org/from/-/from-0.1.3.tgz"
    },
    "fstream": {
      "version": "1.0.9",
      "from": "fstream@>=1.0.8 <2.0.0",
      "resolved": "https://registry.npmjs.org/fstream/-/fstream-1.0.9.tgz"
    },
    "generic-pool": {
      "version": "2.0.4",
      "from": "generic-pool@>=2.0.4 <2.1.0",
      "resolved": "https://registry.npmjs.org/generic-pool/-/generic-pool-2.0.4.tgz"
    },
    "glob": {
      "version": "7.0.3",
      "from": "glob@>=7.0.0 <8.0.0",
      "resolved": "https://registry.npmjs.org/glob/-/glob-7.0.3.tgz"
    },
    "graceful-fs": {
      "version": "4.1.4",
      "from": "graceful-fs@>=4.1.2 <5.0.0",
      "resolved": "https://registry.npmjs.org/graceful-fs/-/graceful-fs-4.1.4.tgz"
    },
    "graceful-readlink": {
      "version": "1.0.1",
      "from": "graceful-readlink@>=1.0.0",
      "resolved": "https://registry.npmjs.org/graceful-readlink/-/graceful-readlink-1.0.1.tgz"
    },
    "growl": {
      "version": "1.9.2",
      "from": "growl@1.9.2",
      "resolved": "https://registry.npmjs.org/growl/-/growl-1.9.2.tgz"
    },
    "inflight": {
      "version": "1.0.5",
      "from": "inflight@>=1.0.4 <2.0.0",
      "resolved": "https://registry.npmjs.org/inflight/-/inflight-1.0.5.tgz"
    },
    "inherits": {
      "version": "2.0.1",
      "from": "inherits@>=2.0.0 <2.1.0",
      "resolved": "https://registry.npmjs.org/inherits/-/inherits-2.0.1.tgz"
    },
    "jade": {
      "version": "0.26.3",
      "from": "jade@0.26.3",
      "resolved": "https://registry.npmjs.org/jade/-/jade-0.26.3.tgz",
      "dependencies": {
        "commander": {
          "version": "0.6.1",
          "from": "commander@0.6.1",
          "resolved": "https://registry.npmjs.org/commander/-/commander-0.6.1.tgz"
        },
        "mkdirp": {
          "version": "0.3.0",
          "from": "mkdirp@0.3.0",
          "resolved": "https://registry.npmjs.org/mkdirp/-/mkdirp-0.3.0.tgz"
        }
      }
    },
    "js-scrypt": {
      "version": "0.2.0",
      "from": "js-scrypt@>=0.2.0 <0.3.0",
      "resolved": "https://registry.npmjs.org/js-scrypt/-/js-scrypt-0.2.0.tgz"
    },
    "keypress": {
      "version": "0.2.1",
      "from": "keypress@>=0.2.1 <0.3.0",
      "resolved": "https://registry.npmjs.org/keypress/-/keypress-0.2.1.tgz"
    },
    "lru-cache": {
      "version": "2.7.3",
      "from": "lru-cache@>=2.0.0 <3.0.0",
      "resolved": "https://registry.npmjs.org/lru-cache/-/lru-cache-2.7.3.tgz"
    },
    "minimalistic-assert": {
      "version": "1.0.0",
      "from": "minimalistic-assert@>=1.0.0 <2.0.0",
      "resolved": "https://registry.npmjs.org/minimalistic-assert/-/minimalistic-assert-1.0.0.tgz"
    },
    "minimatch": {
      "version": "3.0.0",
      "from": "minimatch@>=2.0.0 <3.0.0||>=3.0.0 <4.0.0",
      "resolved": "https://registry.npmjs.org/minimatch/-/minimatch-3.0.0.tgz"
    },
    "minimist": {
      "version": "0.0.8",
      "from": "minimist@0.0.8",
      "resolved": "https://registry.npmjs.org/minimist/-/minimist-0.0.8.tgz"
    },
    "mkdirp": {
      "version": "0.5.1",
      "from": "mkdirp@>=0.5.0 >=0.0.0 <1.0.0",
      "resolved": "https://registry.npmjs.org/mkdirp/-/mkdirp-0.5.1.tgz"
    },
    "ms": {
      "version": "0.7.1",
      "from": "ms@0.7.1",
      "resolved": "https://registry.npmjs.org/ms/-/ms-0.7.1.tgz"
    },
    "nacl-stream": {
      "version": "0.3.3",
      "from": "nacl-stream@>=0.3.3 <0.4.0",
      "resolved": "https://registry.npmjs.org/nacl-stream/-/nacl-stream-0.3.3.tgz"
    },
    "once": {
      "version": "1.3.3",
      "from": "once@>=1.3.0 <2.0.0",
      "resolved": "https://registry.npmjs.org/once/-/once-1.3.3.tgz"
    },
    "path-is-absolute": {
      "version": "1.0.0",
      "from": "path-is-absolute@>=1.0.0 <2.0.0",
      "resolved": "https://registry.npmjs.org/path-is-absolute/-/path-is-absolute-1.0.0.tgz"
    },
    "pempal": {
      "version": "1.0.0",
      "from": "pempal@latest",
      "resolved": "https://registry.npmjs.org/pempal/-/pempal-1.0.0.tgz"
    },
    "pemtools": {
      "version": "0.4.7",
      "from": "pemtools@0.4.7",
      "resolved": "https://registry.npmjs.org/pemtools/-/pemtools-0.4.7.tgz"
    },
    "prettyjson": {
      "version": "1.1.3",
      "from": "prettyjson@>=1.1.3 <2.0.0",
      "resolved": "https://registry.npmjs.org/prettyjson/-/prettyjson-1.1.3.tgz",
      "dependencies": {
        "minimist": {
          "version": "1.2.0",
          "from": "minimist@>=1.1.3 <2.0.0",
          "resolved": "https://registry.npmjs.org/minimist/-/minimist-1.2.0.tgz"
        }
      }
    },
    "progress": {
      "version": "1.1.8",
      "from": "progress@>=1.1.8 <2.0.0",
      "resolved": "https://registry.npmjs.org/progress/-/progress-1.1.8.tgz"
    },
    "rimraf": {
      "version": "2.5.2",
      "from": "rimraf@>=2.0.0 <3.0.0",
      "resolved": "https://registry.npmjs.org/rimraf/-/rimraf-2.5.2.tgz"
    },
    "sigmund": {
      "version": "1.0.1",
      "from": "sigmund@>=1.0.0 <1.1.0",
      "resolved": "https://registry.npmjs.org/sigmund/-/sigmund-1.0.1.tgz"
    },
    "ssh-key-decrypt": {
      "version": "0.1.1",
      "from": "git+https://github.com/carlos8f/ssh-key-decrypt.git",
      "resolved": "git+https://github.com/carlos8f/ssh-key-decrypt.git#c27fe6fc12948148daa1f5c837a5a31a1599aa81"
    },
    "ssh-key-to-pem": {
      "version": "0.11.1",
      "from": "ssh-key-to-pem@>=0.11.1 <0.12.0",
      "resolved": "https://registry.npmjs.org/ssh-key-to-pem/-/ssh-key-to-pem-0.11.1.tgz"
    },
    "supports-color": {
      "version": "1.2.0",
      "from": "supports-color@1.2.0",
      "resolved": "https://registry.npmjs.org/supports-color/-/supports-color-1.2.0.tgz"
    },
    "tar": {
      "version": "2.2.1",
      "from": "tar@>=2.2.1 <3.0.0",
      "resolved": "https://registry.npmjs.org/tar/-/tar-2.2.1.tgz"
    },
    "through": {
      "version": "2.3.8",
      "from": "through@>=2.3.1 <2.4.0",
      "resolved": "https://registry.npmjs.org/through/-/through-2.3.8.tgz"
    },
    "to-iso-string": {
      "version": "0.0.2",
      "from": "to-iso-string@0.0.2",
      "resolved": "https://registry.npmjs.org/to-iso-string/-/to-iso-string-0.0.2.tgz"
    },
    "tweetnacl": {
      "version": "0.14.3",
      "from": "tweetnacl@>=0.14.3 <0.15.0",
      "resolved": "https://registry.npmjs.org/tweetnacl/-/tweetnacl-0.14.3.tgz"
    },
    "wrappy": {
      "version": "1.0.2",
      "from": "wrappy@>=1.0.0 <2.0.0",
      "resolved": "https://registry.npmjs.org/wrappy/-/wrappy-1.0.2.tgz"
    }
  }
}
