{
  "name": "salty",
  "version": "2.1.2",
  "dependencies": {
    "ansi-regex": {
      "version": "2.0.0",
      "from": "ansi-regex@>=2.0.0 <3.0.0",
      "resolved": "https://registry.npmjs.org/ansi-regex/-/ansi-regex-2.0.0.tgz"
    },
    "ansi-styles": {
      "version": "2.2.1",
      "from": "ansi-styles@>=2.2.1 <3.0.0",
      "resolved": "https://registry.npmjs.org/ansi-styles/-/ansi-styles-2.2.1.tgz"
    },
    "asn1": {
      "version": "0.1.11",
      "from": "asn1@0.1.11",
      "resolved": "https://registry.npmjs.org/asn1/-/asn1-0.1.11.tgz"
    },
    "asn1.js": {
      "version": "4.6.0",
      "from": "asn1.js@>=4.6.0 <5.0.0",
      "resolved": "https://registry.npmjs.org/asn1.js/-/asn1.js-4.6.0.tgz"
    },
    "assert-plus": {
      "version": "0.2.0",
      "from": "assert-plus@>=0.2.0 <0.3.0",
      "resolved": "https://registry.npmjs.org/assert-plus/-/assert-plus-0.2.0.tgz"
    },
    "async": {
      "version": "1.5.2",
      "from": "async@>=1.5.2 <2.0.0",
      "resolved": "https://registry.npmjs.org/async/-/async-1.5.2.tgz"
    },
    "aws-sign2": {
      "version": "0.6.0",
      "from": "aws-sign2@>=0.6.0 <0.7.0",
      "resolved": "https://registry.npmjs.org/aws-sign2/-/aws-sign2-0.6.0.tgz"
    },
    "aws4": {
      "version": "1.4.1",
      "from": "aws4@>=1.2.1 <2.0.0",
      "resolved": "https://registry.npmjs.org/aws4/-/aws4-1.4.1.tgz"
    },
    "balanced-match": {
      "version": "0.4.1",
      "from": "balanced-match@>=0.4.1 <0.5.0",
      "resolved": "https://registry.npmjs.org/balanced-match/-/balanced-match-0.4.1.tgz"
    },
    "base64-url": {
      "version": "1.2.2",
      "from": "base64-url@>=1.2.2 <2.0.0",
      "resolved": "https://registry.npmjs.org/base64-url/-/base64-url-1.2.2.tgz"
    },
    "bl": {
      "version": "1.1.2",
      "from": "bl@>=1.1.2 <1.2.0",
      "resolved": "https://registry.npmjs.org/bl/-/bl-1.1.2.tgz"
    },
    "block-stream": {
      "version": "0.0.7",
      "from": "git+https://github.com/carlos8f/block-stream.git",
      "resolved": "git+https://github.com/carlos8f/block-stream.git#5cc69ec472d30afbeac47bdc7fc01118d264c373"
    },
    "bn.js": {
      "version": "4.11.3",
      "from": "bn.js@>=4.11.3 <5.0.0",
      "resolved": "https://registry.npmjs.org/bn.js/-/bn.js-4.11.3.tgz"
    },
    "boom": {
      "version": "2.10.1",
      "from": "boom@>=2.0.0 <3.0.0",
      "resolved": "https://registry.npmjs.org/boom/-/boom-2.10.1.tgz"
    },
    "brace-expansion": {
      "version": "1.1.4",
      "from": "brace-expansion@>=1.0.0 <2.0.0",
      "resolved": "https://registry.npmjs.org/brace-expansion/-/brace-expansion-1.1.4.tgz"
    },
    "caseless": {
      "version": "0.11.0",
      "from": "caseless@>=0.11.0 <0.12.0",
      "resolved": "https://registry.npmjs.org/caseless/-/caseless-0.11.0.tgz"
    },
    "cbs": {
      "version": "0.1.1",
      "from": "cbs@>=0.1.1 <0.2.0",
      "resolved": "https://registry.npmjs.org/cbs/-/cbs-0.1.1.tgz"
    },
    "chalk": {
      "version": "1.1.3",
      "from": "chalk@>=1.1.1 <2.0.0",
      "resolved": "https://registry.npmjs.org/chalk/-/chalk-1.1.3.tgz",
      "dependencies": {
        "supports-color": {
          "version": "2.0.0",
          "from": "supports-color@>=2.0.0 <3.0.0",
          "resolved": "https://registry.npmjs.org/supports-color/-/supports-color-2.0.0.tgz"
        }
      }
    },
    "cli-prompt": {
      "version": "0.5.1",
      "from": "cli-prompt@>=0.5.1 <0.6.0",
      "resolved": "https://registry.npmjs.org/cli-prompt/-/cli-prompt-0.5.1.tgz"
    },
    "colors": {
      "version": "1.1.2",
      "from": "colors@>=1.1.2 <2.0.0",
      "resolved": "https://registry.npmjs.org/colors/-/colors-1.1.2.tgz"
    },
    "combined-stream": {
      "version": "1.0.5",
      "from": "combined-stream@>=1.0.5 <1.1.0",
      "resolved": "https://registry.npmjs.org/combined-stream/-/combined-stream-1.0.5.tgz"
    },
    "commander": {
      "version": "2.9.0",
      "from": "commander@>=2.9.0 <3.0.0",
      "resolved": "https://registry.npmjs.org/commander/-/commander-2.9.0.tgz"
    },
    "concat-map": {
      "version": "0.0.1",
      "from": "concat-map@0.0.1",
      "resolved": "https://registry.npmjs.org/concat-map/-/concat-map-0.0.1.tgz"
    },
    "core-util-is": {
      "version": "1.0.2",
      "from": "core-util-is@>=1.0.0 <1.1.0",
      "resolved": "https://registry.npmjs.org/core-util-is/-/core-util-is-1.0.2.tgz"
    },
    "cryptiles": {
      "version": "2.0.5",
      "from": "cryptiles@>=2.0.0 <3.0.0",
      "resolved": "https://registry.npmjs.org/cryptiles/-/cryptiles-2.0.5.tgz"
    },
    "ctype": {
      "version": "0.5.2",
      "from": "ctype@0.5.2",
      "resolved": "https://registry.npmjs.org/ctype/-/ctype-0.5.2.tgz"
    },
    "dashdash": {
      "version": "1.13.1",
      "from": "dashdash@>=1.12.0 <2.0.0",
      "resolved": "https://registry.npmjs.org/dashdash/-/dashdash-1.13.1.tgz",
      "dependencies": {
        "assert-plus": {
          "version": "1.0.0",
          "from": "assert-plus@>=1.0.0 <2.0.0",
          "resolved": "https://registry.npmjs.org/assert-plus/-/assert-plus-1.0.0.tgz"
        }
      }
    },
    "debug": {
      "version": "2.2.0",
      "from": "debug@2.2.0",
      "resolved": "https://registry.npmjs.org/debug/-/debug-2.2.0.tgz"
    },
    "delayed-stream": {
      "version": "1.0.0",
      "from": "delayed-stream@>=1.0.0 <1.1.0",
      "resolved": "https://registry.npmjs.org/delayed-stream/-/delayed-stream-1.0.0.tgz"
    },
    "diff": {
      "version": "1.4.0",
      "from": "diff@1.4.0",
      "resolved": "https://registry.npmjs.org/diff/-/diff-1.4.0.tgz"
    },
    "ecc-jsbn": {
      "version": "0.1.1",
      "from": "ecc-jsbn@>=0.1.1 <0.2.0",
      "resolved": "https://registry.npmjs.org/ecc-jsbn/-/ecc-jsbn-0.1.1.tgz"
    },
    "email-addresses": {
      "version": "2.0.2",
      "from": "email-addresses@>=2.0.2 <3.0.0",
      "resolved": "https://registry.npmjs.org/email-addresses/-/email-addresses-2.0.2.tgz"
    },
    "escape-string-regexp": {
      "version": "1.0.2",
      "from": "escape-string-regexp@1.0.2",
      "resolved": "https://registry.npmjs.org/escape-string-regexp/-/escape-string-regexp-1.0.2.tgz"
    },
    "extend": {
      "version": "3.0.0",
      "from": "extend@>=3.0.0 <3.1.0",
      "resolved": "https://registry.npmjs.org/extend/-/extend-3.0.0.tgz"
    },
    "extsprintf": {
      "version": "1.0.2",
      "from": "extsprintf@1.0.2",
      "resolved": "https://registry.npmjs.org/extsprintf/-/extsprintf-1.0.2.tgz"
    },
    "forever-agent": {
      "version": "0.6.1",
      "from": "forever-agent@>=0.6.1 <0.7.0",
      "resolved": "https://registry.npmjs.org/forever-agent/-/forever-agent-0.6.1.tgz"
    },
    "form-data": {
      "version": "1.0.0-rc4",
      "from": "form-data@>=1.0.0-rc3 <1.1.0",
      "resolved": "https://registry.npmjs.org/form-data/-/form-data-1.0.0-rc4.tgz"
    },
    "from": {
      "version": "0.1.3",
      "from": "from@>=0.1.3 <0.2.0",
      "resolved": "https://registry.npmjs.org/from/-/from-0.1.3.tgz"
    },
    "fstream": {
      "version": "1.0.9",
      "from": "fstream@>=1.0.8 <2.0.0",
      "resolved": "https://registry.npmjs.org/fstream/-/fstream-1.0.9.tgz"
    },
    "generate-function": {
      "version": "2.0.0",
      "from": "generate-function@>=2.0.0 <3.0.0",
      "resolved": "https://registry.npmjs.org/generate-function/-/generate-function-2.0.0.tgz"
    },
    "generate-object-property": {
      "version": "1.2.0",
      "from": "generate-object-property@>=1.1.0 <2.0.0",
      "resolved": "https://registry.npmjs.org/generate-object-property/-/generate-object-property-1.2.0.tgz"
    },
    "getpass": {
      "version": "0.1.6",
      "from": "getpass@>=0.1.1 <0.2.0",
      "resolved": "https://registry.npmjs.org/getpass/-/getpass-0.1.6.tgz",
      "dependencies": {
        "assert-plus": {
          "version": "1.0.0",
          "from": "assert-plus@>=1.0.0 <2.0.0",
          "resolved": "https://registry.npmjs.org/assert-plus/-/assert-plus-1.0.0.tgz"
        }
      }
    },
    "glob": {
      "version": "7.0.3",
      "from": "glob@>=7.0.0 <8.0.0",
      "resolved": "https://registry.npmjs.org/glob/-/glob-7.0.3.tgz"
    },
    "graceful-fs": {
      "version": "4.1.4",
      "from": "graceful-fs@>=4.1.2 <5.0.0",
      "resolved": "https://registry.npmjs.org/graceful-fs/-/graceful-fs-4.1.4.tgz"
    },
    "graceful-readlink": {
      "version": "1.0.1",
      "from": "graceful-readlink@>=1.0.0",
      "resolved": "https://registry.npmjs.org/graceful-readlink/-/graceful-readlink-1.0.1.tgz"
    },
    "growl": {
      "version": "1.9.2",
      "from": "growl@1.9.2",
      "resolved": "https://registry.npmjs.org/growl/-/growl-1.9.2.tgz"
    },
    "har-validator": {
      "version": "2.0.6",
      "from": "har-validator@>=2.0.6 <2.1.0",
      "resolved": "https://registry.npmjs.org/har-validator/-/har-validator-2.0.6.tgz"
    },
    "has-ansi": {
      "version": "2.0.0",
      "from": "has-ansi@>=2.0.0 <3.0.0",
      "resolved": "https://registry.npmjs.org/has-ansi/-/has-ansi-2.0.0.tgz"
    },
    "hawk": {
      "version": "3.1.3",
      "from": "hawk@>=3.1.3 <3.2.0",
      "resolved": "https://registry.npmjs.org/hawk/-/hawk-3.1.3.tgz"
    },
    "hoek": {
      "version": "2.16.3",
      "from": "hoek@>=2.0.0 <3.0.0",
      "resolved": "https://registry.npmjs.org/hoek/-/hoek-2.16.3.tgz"
    },
    "http-signature": {
      "version": "1.1.1",
      "from": "http-signature@>=1.1.0 <1.2.0",
      "resolved": "https://registry.npmjs.org/http-signature/-/http-signature-1.1.1.tgz"
    },
    "inflight": {
      "version": "1.0.5",
      "from": "inflight@>=1.0.4 <2.0.0",
      "resolved": "https://registry.npmjs.org/inflight/-/inflight-1.0.5.tgz"
    },
    "inherits": {
      "version": "2.0.1",
      "from": "inherits@>=2.0.0 <2.1.0",
      "resolved": "https://registry.npmjs.org/inherits/-/inherits-2.0.1.tgz"
    },
    "is-my-json-valid": {
      "version": "2.13.1",
      "from": "is-my-json-valid@>=2.12.4 <3.0.0",
      "resolved": "https://registry.npmjs.org/is-my-json-valid/-/is-my-json-valid-2.13.1.tgz"
    },
    "is-property": {
      "version": "1.0.2",
      "from": "is-property@>=1.0.0 <2.0.0",
      "resolved": "https://registry.npmjs.org/is-property/-/is-property-1.0.2.tgz"
    },
    "is-typedarray": {
      "version": "1.0.0",
      "from": "is-typedarray@>=1.0.0 <1.1.0",
      "resolved": "https://registry.npmjs.org/is-typedarray/-/is-typedarray-1.0.0.tgz"
    },
    "isarray": {
      "version": "1.0.0",
      "from": "isarray@>=1.0.0 <1.1.0",
      "resolved": "https://registry.npmjs.org/isarray/-/isarray-1.0.0.tgz"
    },
    "isstream": {
      "version": "0.1.2",
      "from": "isstream@>=0.1.2 <0.2.0",
      "resolved": "https://registry.npmjs.org/isstream/-/isstream-0.1.2.tgz"
    },
    "jade": {
      "version": "0.26.3",
      "from": "jade@0.26.3",
      "resolved": "https://registry.npmjs.org/jade/-/jade-0.26.3.tgz",
      "dependencies": {
        "commander": {
          "version": "0.6.1",
          "from": "commander@0.6.1",
          "resolved": "https://registry.npmjs.org/commander/-/commander-0.6.1.tgz"
        },
        "mkdirp": {
          "version": "0.3.0",
          "from": "mkdirp@0.3.0",
          "resolved": "https://registry.npmjs.org/mkdirp/-/mkdirp-0.3.0.tgz"
        }
      }
    },
    "jodid25519": {
      "version": "1.0.2",
      "from": "jodid25519@>=1.0.0 <2.0.0",
      "resolved": "https://registry.npmjs.org/jodid25519/-/jodid25519-1.0.2.tgz"
    },
    "jsbn": {
      "version": "0.1.0",
      "from": "jsbn@>=0.1.0 <0.2.0",
      "resolved": "https://registry.npmjs.org/jsbn/-/jsbn-0.1.0.tgz"
    },
    "json-schema": {
      "version": "0.2.2",
      "from": "json-schema@0.2.2",
      "resolved": "https://registry.npmjs.org/json-schema/-/json-schema-0.2.2.tgz"
    },
    "json-stringify-safe": {
      "version": "5.0.1",
      "from": "json-stringify-safe@>=5.0.1 <5.1.0",
      "resolved": "https://registry.npmjs.org/json-stringify-safe/-/json-stringify-safe-5.0.1.tgz"
    },
    "jsonpointer": {
      "version": "2.0.0",
      "from": "jsonpointer@2.0.0",
      "resolved": "https://registry.npmjs.org/jsonpointer/-/jsonpointer-2.0.0.tgz"
    },
    "jsprim": {
      "version": "1.2.2",
      "from": "jsprim@>=1.2.2 <2.0.0",
      "resolved": "https://registry.npmjs.org/jsprim/-/jsprim-1.2.2.tgz"
    },
    "keypress": {
      "version": "0.2.1",
      "from": "keypress@>=0.2.1 <0.3.0",
      "resolved": "https://registry.npmjs.org/keypress/-/keypress-0.2.1.tgz"
    },
    "lru-cache": {
      "version": "2.7.3",
      "from": "lru-cache@>=2.0.0 <3.0.0",
      "resolved": "https://registry.npmjs.org/lru-cache/-/lru-cache-2.7.3.tgz"
    },
    "mime-db": {
      "version": "1.23.0",
      "from": "mime-db@>=1.23.0 <1.24.0",
      "resolved": "https://registry.npmjs.org/mime-db/-/mime-db-1.23.0.tgz"
    },
    "mime-types": {
      "version": "2.1.11",
      "from": "mime-types@>=2.1.7 <2.2.0",
      "resolved": "https://registry.npmjs.org/mime-types/-/mime-types-2.1.11.tgz"
    },
    "minimalistic-assert": {
      "version": "1.0.0",
      "from": "minimalistic-assert@>=1.0.0 <2.0.0",
      "resolved": "https://registry.npmjs.org/minimalistic-assert/-/minimalistic-assert-1.0.0.tgz"
    },
    "minimatch": {
      "version": "3.0.0",
      "from": "minimatch@>=2.0.0 <3.0.0||>=3.0.0 <4.0.0",
      "resolved": "https://registry.npmjs.org/minimatch/-/minimatch-3.0.0.tgz"
    },
    "minimist": {
      "version": "0.0.8",
      "from": "minimist@0.0.8",
      "resolved": "https://registry.npmjs.org/minimist/-/minimist-0.0.8.tgz"
    },
    "mkdirp": {
      "version": "0.5.1",
      "from": "mkdirp@>=0.5.0 >=0.0.0 <1.0.0",
      "resolved": "https://registry.npmjs.org/mkdirp/-/mkdirp-0.5.1.tgz"
    },
    "ms": {
      "version": "0.7.1",
      "from": "ms@0.7.1",
      "resolved": "https://registry.npmjs.org/ms/-/ms-0.7.1.tgz"
    },
    "nacl-stream": {
      "version": "0.3.3",
      "from": "nacl-stream@>=0.3.3 <0.4.0",
      "resolved": "https://registry.npmjs.org/nacl-stream/-/nacl-stream-0.3.3.tgz"
    },
    "node-uuid": {
      "version": "1.4.7",
      "from": "node-uuid@>=1.4.7 <1.5.0",
      "resolved": "https://registry.npmjs.org/node-uuid/-/node-uuid-1.4.7.tgz"
    },
    "oauth-sign": {
      "version": "0.8.2",
      "from": "oauth-sign@>=0.8.1 <0.9.0",
      "resolved": "https://registry.npmjs.org/oauth-sign/-/oauth-sign-0.8.2.tgz"
    },
    "once": {
      "version": "1.3.3",
      "from": "once@>=1.3.0 <2.0.0",
      "resolved": "https://registry.npmjs.org/once/-/once-1.3.3.tgz"
    },
    "path-is-absolute": {
      "version": "1.0.0",
      "from": "path-is-absolute@>=1.0.0 <2.0.0",
      "resolved": "https://registry.npmjs.org/path-is-absolute/-/path-is-absolute-1.0.0.tgz"
    },
    "pemtools": {
      "version": "0.4.7",
      "from": "pemtools@0.4.7",
      "resolved": "https://registry.npmjs.org/pemtools/-/pemtools-0.4.7.tgz"
    },
    "pinkie": {
      "version": "2.0.4",
      "from": "pinkie@>=2.0.0 <3.0.0",
      "resolved": "https://registry.npmjs.org/pinkie/-/pinkie-2.0.4.tgz"
    },
    "pinkie-promise": {
      "version": "2.0.1",
      "from": "pinkie-promise@>=2.0.0 <3.0.0",
      "resolved": "https://registry.npmjs.org/pinkie-promise/-/pinkie-promise-2.0.1.tgz"
    },
    "prettyjson": {
      "version": "1.1.3",
      "from": "prettyjson@>=1.1.3 <2.0.0",
      "resolved": "https://registry.npmjs.org/prettyjson/-/prettyjson-1.1.3.tgz",
      "dependencies": {
        "minimist": {
          "version": "1.2.0",
          "from": "minimist@>=1.1.3 <2.0.0",
          "resolved": "https://registry.npmjs.org/minimist/-/minimist-1.2.0.tgz"
        }
      }
    },
    "process-nextick-args": {
      "version": "1.0.7",
      "from": "process-nextick-args@>=1.0.6 <1.1.0",
      "resolved": "https://registry.npmjs.org/process-nextick-args/-/process-nextick-args-1.0.7.tgz"
    },
    "progress": {
      "version": "1.1.8",
      "from": "progress@>=1.1.8 <2.0.0",
      "resolved": "https://registry.npmjs.org/progress/-/progress-1.1.8.tgz"
    },
    "qs": {
      "version": "6.1.0",
      "from": "qs@>=6.1.0 <6.2.0",
      "resolved": "https://registry.npmjs.org/qs/-/qs-6.1.0.tgz"
    },
    "readable-stream": {
      "version": "2.0.6",
      "from": "readable-stream@>=2.0.5 <2.1.0",
      "resolved": "https://registry.npmjs.org/readable-stream/-/readable-stream-2.0.6.tgz"
    },
    "rimraf": {
      "version": "2.5.2",
      "from": "rimraf@>=2.0.0 <3.0.0",
      "resolved": "https://registry.npmjs.org/rimraf/-/rimraf-2.5.2.tgz"
    },
    "sigmund": {
      "version": "1.0.1",
      "from": "sigmund@>=1.0.0 <1.1.0",
      "resolved": "https://registry.npmjs.org/sigmund/-/sigmund-1.0.1.tgz"
    },
    "sntp": {
      "version": "1.0.9",
      "from": "sntp@>=1.0.0 <2.0.0",
      "resolved": "https://registry.npmjs.org/sntp/-/sntp-1.0.9.tgz"
    },
    "ssh-key-decrypt": {
      "version": "0.1.1",
      "from": "git+https://github.com/carlos8f/ssh-key-decrypt.git",
      "resolved": "git+https://github.com/carlos8f/ssh-key-decrypt.git#c27fe6fc12948148daa1f5c837a5a31a1599aa81"
    },
    "ssh-key-to-pem": {
      "version": "0.11.1",
      "from": "ssh-key-to-pem@>=0.11.1 <0.12.0",
      "resolved": "https://registry.npmjs.org/ssh-key-to-pem/-/ssh-key-to-pem-0.11.1.tgz"
    },
    "sshpk": {
      "version": "1.8.3",
      "from": "sshpk@>=1.7.0 <2.0.0",
      "resolved": "https://registry.npmjs.org/sshpk/-/sshpk-1.8.3.tgz",
      "dependencies": {
        "asn1": {
          "version": "0.2.3",
          "from": "asn1@>=0.2.3 <0.3.0",
          "resolved": "https://registry.npmjs.org/asn1/-/asn1-0.2.3.tgz"
        },
        "assert-plus": {
          "version": "1.0.0",
          "from": "assert-plus@>=1.0.0 <2.0.0",
          "resolved": "https://registry.npmjs.org/assert-plus/-/assert-plus-1.0.0.tgz"
        },
        "tweetnacl": {
          "version": "0.13.3",
          "from": "tweetnacl@>=0.13.0 <0.14.0",
          "resolved": "https://registry.npmjs.org/tweetnacl/-/tweetnacl-0.13.3.tgz"
        }
      }
    },
    "string_decoder": {
      "version": "0.10.31",
      "from": "string_decoder@>=0.10.0 <0.11.0",
      "resolved": "https://registry.npmjs.org/string_decoder/-/string_decoder-0.10.31.tgz"
    },
    "stringstream": {
      "version": "0.0.5",
      "from": "stringstream@>=0.0.4 <0.1.0",
      "resolved": "https://registry.npmjs.org/stringstream/-/stringstream-0.0.5.tgz"
    },
    "strip-ansi": {
      "version": "3.0.1",
      "from": "strip-ansi@>=3.0.0 <4.0.0",
      "resolved": "https://registry.npmjs.org/strip-ansi/-/strip-ansi-3.0.1.tgz"
    },
    "supports-color": {
      "version": "1.2.0",
      "from": "supports-color@1.2.0",
      "resolved": "https://registry.npmjs.org/supports-color/-/supports-color-1.2.0.tgz"
    },
    "tar": {
      "version": "2.2.1",
      "from": "tar@>=2.2.1 <3.0.0",
      "resolved": "https://registry.npmjs.org/tar/-/tar-2.2.1.tgz"
    },
    "through": {
      "version": "2.3.8",
      "from": "through@>=2.3.1 <2.4.0",
      "resolved": "https://registry.npmjs.org/through/-/through-2.3.8.tgz"
    },
    "to-iso-string": {
      "version": "0.0.2",
      "from": "to-iso-string@0.0.2",
      "resolved": "https://registry.npmjs.org/to-iso-string/-/to-iso-string-0.0.2.tgz"
    },
    "tough-cookie": {
      "version": "2.2.2",
      "from": "tough-cookie@>=2.2.0 <2.3.0",
      "resolved": "https://registry.npmjs.org/tough-cookie/-/tough-cookie-2.2.2.tgz"
    },
    "tunnel-agent": {
      "version": "0.4.3",
      "from": "tunnel-agent@>=0.4.1 <0.5.0",
      "resolved": "https://registry.npmjs.org/tunnel-agent/-/tunnel-agent-0.4.3.tgz"
    },
    "tweetnacl": {
      "version": "0.14.3",
      "from": "tweetnacl@>=0.14.3 <0.15.0",
      "resolved": "https://registry.npmjs.org/tweetnacl/-/tweetnacl-0.14.3.tgz"
    },
    "util-deprecate": {
      "version": "1.0.2",
      "from": "util-deprecate@>=1.0.1 <1.1.0",
      "resolved": "https://registry.npmjs.org/util-deprecate/-/util-deprecate-1.0.2.tgz"
    },
    "verror": {
      "version": "1.3.6",
      "from": "verror@1.3.6",
      "resolved": "https://registry.npmjs.org/verror/-/verror-1.3.6.tgz"
    },
    "wrappy": {
      "version": "1.0.2",
      "from": "wrappy@>=1.0.0 <2.0.0",
      "resolved": "https://registry.npmjs.org/wrappy/-/wrappy-1.0.2.tgz"
    },
    "xtend": {
      "version": "4.0.1",
      "from": "xtend@>=4.0.0 <5.0.0",
      "resolved": "https://registry.npmjs.org/xtend/-/xtend-4.0.1.tgz"
    }
  }
}
